
Microsoft Visual Studio Solution File, Format Version 12.00
# Visual Studio Version 16
VisualStudioVersion = 16.0.29215.179
MinimumVisualStudioVersion = 10.0.40219.1
Project("{FAE04EC0-301F-11D3-BF4B-00C04F79EFBC}") = "ApocalypticShelter", "ApocalypticShelter\ApocalypticShelter.csproj", "{F87CC998-13B5-41BB-B9FC-8F98C2352AE6}"
EndProject
Global
	GlobalSection(SolutionConfigurationPlatforms) = preSolution
		Debug|Any CPU = Debug|Any CPU
		Release|Any CPU = Release|Any CPU
	EndGlobalSection
	GlobalSection(ProjectConfigurationPlatforms) = postSolution
		{F87CC998-13B5-41BB-B9FC-8F98C2352AE6}.Debug|Any CPU.ActiveCfg = Debug|Any CPU
		{F87CC998-13B5-41BB-B9FC-8F98C2352AE6}.Debug|Any CPU.Build.0 = Debug|Any CPU
		{F87CC998-13B5-41BB-B9FC-8F98C2352AE6}.Release|Any CPU.ActiveCfg = Release|Any CPU
		{F87CC998-13B5-41BB-B9FC-8F98C2352AE6}.Release|Any CPU.Build.0 = Release|Any CPU
	EndGlobalSection
	GlobalSection(SolutionProperties) = preSolution
		HideSolutionNode = FALSE
	EndGlobalSection
	GlobalSection(ExtensibilityGlobals) = postSolution
		SolutionGuid = {E4EBF7DA-E994-49EF-A4E8-4E0C0637AA4D}
	EndGlobalSection
EndGlobal
